// !$*UTF8*$!
{
	archiveVersion = 1;
	classes = {
	};
	objectVersion = 56;
	objects = {

/* Begin PBXBuildFile section */
		AB4659F1298AE89200FE3751 /* recursionRelationsApp.swift in Sources */ = {isa = PBXBuildFile; fileRef = AB4659F0298AE89200FE3751 /* recursionRelationsApp.swift */; };
		AB4659F3298AE89200FE3751 /* ContentView.swift in Sources */ = {isa = PBXBuildFile; fileRef = AB4659F2298AE89200FE3751 /* ContentView.swift */; };
		AB4659F5298AE89300FE3751 /* Assets.xcassets in Resources */ = {isa = PBXBuildFile; fileRef = AB4659F4298AE89300FE3751 /* Assets.xcassets */; };
		AB4659F9298AE89300FE3751 /* Preview Assets.xcassets in Resources */ = {isa = PBXBuildFile; fileRef = AB4659F8298AE89300FE3751 /* Preview Assets.xcassets */; };
		AB465A03298AE89300FE3751 /* recursionRelationsTests.swift in Sources */ = {isa = PBXBuildFile; fileRef = AB465A02298AE89300FE3751 /* recursionRelationsTests.swift */; };
		AB465A0D298AE89300FE3751 /* recursionRelationsUITests.swift in Sources */ = {isa = PBXBuildFile; fileRef = AB465A0C298AE89300FE3751 /* recursionRelationsUITests.swift */; };
		AB465A0F298AE89300FE3751 /* recursionRelationsUITestsLaunchTests.swift in Sources */ = {isa = PBXBuildFile; fileRef = AB465A0E298AE89300FE3751 /* recursionRelationsUITestsLaunchTests.swift */; };
/* End PBXBuildFile section */

/* Begin PBXContainerItemProxy section */
		AB4659FF298AE89300FE3751 /* PBXContainerItemProxy */ = {
			isa = PBXContainerItemProxy;
			containerPortal = AB4659E5298AE89200FE3751 /* Project object */;
			proxyType = 1;
			remoteGlobalIDString = AB4659EC298AE89200FE3751;
			remoteInfo = recursionRelations;
		};
		AB465A09298AE89300FE3751 /* PBXContainerItemProxy */ = {
			isa = PBXContainerItemProxy;
			containerPortal = AB4659E5298AE89200FE3751 /* Project object */;
			proxyType = 1;
			remoteGlobalIDString = AB4659EC298AE89200FE3751;
			remoteInfo = recursionRelations;
		};
/* End PBXContainerItemProxy section */

/* Begin PBXFileReference section */
		AB4659ED298AE89200FE3751 /* recursionRelations.app */ = {isa = PBXFileReference; explicitFileType = wrapper.application; includeInIndex = 0; path = recursionRelations.app; sourceTree = BUILT_PRODUCTS_DIR; };
		AB4659F0298AE89200FE3751 /* recursionRelationsApp.swift */ = {isa = PBXFileReference; lastKnownFileType = sourcecode.swift; path = recursionRelationsApp.swift; sourceTree = "<group>"; };
		AB4659F2298AE89200FE3751 /* ContentView.swift */ = {isa = PBXFileReference; lastKnownFileType = sourcecode.swift; path = ContentView.swift; sourceTree = "<group>"; };
		AB4659F4298AE89300FE3751 /* Assets.xcassets */ = {isa = PBXFileReference; lastKnownFileType = folder.assetcatalog; path = Assets.xcassets; sourceTree = "<group>"; };
		AB4659F6298AE89300FE3751 /* recursionRelations.entitlements */ = {isa = PBXFileReference; lastKnownFileType = text.plist.entitlements; path = recursionRelations.entitlements; sourceTree = "<group>"; };
		AB4659F8298AE89300FE3751 /* Preview Assets.xcassets */ = {isa = PBXFileReference; lastKnownFileType = folder.assetcatalog; path = "Preview Assets.xcassets"; sourceTree = "<group>"; };
		AB4659FE298AE89300FE3751 /* recursionRelationsTests.xctest */ = {isa = PBXFileReference; explicitFileType = wrapper.cfbundle; includeInIndex = 0; path = recursionRelationsTests.xctest; sourceTree = BUILT_PRODUCTS_DIR; };
		AB465A02298AE89300FE3751 /* recursionRelationsTests.swift */ = {isa = PBXFileReference; lastKnownFileType = sourcecode.swift; path = recursionRelationsTests.swift; sourceTree = "<group>"; };
		AB465A08298AE89300FE3751 /* recursionRelationsUITests.xctest */ = {isa = PBXFileReference; explicitFileType = wrapper.cfbundle; includeInIndex = 0; path = recursionRelationsUITests.xctest; sourceTree = BUILT_PRODUCTS_DIR; };
		AB465A0C298AE89300FE3751 /* recursionRelationsUITests.swift */ = {isa = PBXFileReference; lastKnownFileType = sourcecode.swift; path = recursionRelationsUITests.swift; sourceTree = "<group>"; };
		AB465A0E298AE89300FE3751 /* recursionRelationsUITestsLaunchTests.swift */ = {isa = PBXFileReference; lastKnownFileType = sourcecode.swift; path = recursionRelationsUITestsLaunchTests.swift; sourceTree = "<group>"; };
/* End PBXFileReference section */

/* Begin PBXFrameworksBuildPhase section */
		AB4659EA298AE89200FE3751 /* Frameworks */ = {
			isa = PBXFrameworksBuildPhase;
			buildActionMask = 2147483647;
			files = (
			);
			runOnlyForDeploymentPostprocessing = 0;
		};
		AB4659FB298AE89300FE3751 /* Frameworks */ = {
			isa = PBXFrameworksBuildPhase;
			buildActionMask = 2147483647;
			files = (
			);
			runOnlyForDeploymentPostprocessing = 0;
		};
		AB465A05298AE89300FE3751 /* Frameworks */ = {
			isa = PBXFrameworksBuildPhase;
			buildActionMask = 2147483647;
			files = (
			);
			runOnlyForDeploymentPostprocessing = 0;
		};
/* End PBXFrameworksBuildPhase section */

/* Begin PBXGroup section */
		AB4659E4298AE89200FE3751 = {
			isa = PBXGroup;
			children = (
				AB4659EF298AE89200FE3751 /* recursionRelations */,
				AB465A01298AE89300FE3751 /* recursionRelationsTests */,
				AB465A0B298AE89300FE3751 /* recursionRelationsUITests */,
				AB4659EE298AE89200FE3751 /* Products */,
			);
			sourceTree = "<group>";
		};
		AB4659EE298AE89200FE3751 /* Products */ = {
			isa = PBXGroup;
			children = (
				AB4659ED298AE89200FE3751 /* recursionRelations.app */,
				AB4659FE298AE89300FE3751 /* recursionRelationsTests.xctest */,
				AB465A08298AE89300FE3751 /* recursionRelationsUITests.xctest */,
			);
			name = Products;
			sourceTree = "<group>";
		};
		AB4659EF298AE89200FE3751 /* recursionRelations */ = {
			isa = PBXGroup;
			children = (
				AB4659F0298AE89200FE3751 /* recursionRelationsApp.swift */,
				AB4659F2298AE89200FE3751 /* ContentView.swift */,
				AB4659F4298AE89300FE3751 /* Assets.xcassets */,
				AB4659F6298AE89300FE3751 /* recursionRelations.entitlements */,
				AB4659F7298AE89300FE3751 /* Preview Content */,
			);
			path = recursionRelations;
			sourceTree = "<group>";
		};
		AB4659F7298AE89300FE3751 /* Preview Content */ = {
			isa = PBXGroup;
			children = (
				AB4659F8298AE89300FE3751 /* Preview Assets.xcassets */,
			);
			path = "Preview Content";
			sourceTree = "<group>";
		};
		AB465A01298AE89300FE3751 /* recursionRelationsTests */ = {
			isa = PBXGroup;
			children = (
				AB465A02298AE89300FE3751 /* recursionRelationsTests.swift */,
			);
			path = recursionRelationsTests;
			sourceTree = "<group>";
		};
		AB465A0B298AE89300FE3751 /* recursionRelationsUITests */ = {
			isa = PBXGroup;
			children = (
				AB465A0C298AE89300FE3751 /* recursionRelationsUITests.swift */,
				AB465A0E298AE89300FE3751 /* recursionRelationsUITestsLaunchTests.swift */,
			);
			path = recursionRelationsUITests;
			sourceTree = "<group>";
		};
/* End PBXGroup section */

/* Begin PBXNativeTarget section */
		AB4659EC298AE89200FE3751 /* recursionRelations */ = {
			isa = PBXNativeTarget;
			buildConfigurationList = AB465A12298AE89300FE3751 /* Build configuration list for PBXNativeTarget "recursionRelations" */;
			buildPhases = (
				AB4659E9298AE89200FE3751 /* Sources */,
				AB4659EA298AE89200FE3751 /* Frameworks */,
				AB4659EB298AE89200FE3751 /* Resources */,
			);
			buildRules = (
			);
			dependencies = (
			);
			name = recursionRelations;
			productName = recursionRelations;
			productReference = AB4659ED298AE89200FE3751 /* recursionRelations.app */;
			productType = "com.apple.product-type.application";
		};
		AB4659FD298AE89300FE3751 /* recursionRelationsTests */ = {
			isa = PBXNativeTarget;
			buildConfigurationList = AB465A15298AE89300FE3751 /* Build configuration list for PBXNativeTarget "recursionRelationsTests" */;
			buildPhases = (
				AB4659FA298AE89300FE3751 /* Sources */,
				AB4659FB298AE89300FE3751 /* Frameworks */,
				AB4659FC298AE89300FE3751 /* Resources */,
			);
			buildRules = (
			);
			dependencies = (
				AB465A00298AE89300FE3751 /* PBXTargetDependency */,
			);
			name = recursionRelationsTests;
			productName = recursionRelationsTests;
			productReference = AB4659FE298AE89300FE3751 /* recursionRelationsTests.xctest */;
			productType = "com.apple.product-type.bundle.unit-test";
		};
		AB465A07298AE89300FE3751 /* recursionRelationsUITests */ = {
			isa = PBXNativeTarget;
			buildConfigurationList = AB465A18298AE89300FE3751 /* Build configuration list for PBXNativeTarget "recursionRelationsUITests" */;
			buildPhases = (
				AB465A04298AE89300FE3751 /* Sources */,
				AB465A05298AE89300FE3751 /* Frameworks */,
				AB465A06298AE89300FE3751 /* Resources */,
			);
			buildRules = (
			);
			dependencies = (
				AB465A0A298AE89300FE3751 /* PBXTargetDependency */,
			);
			name = recursionRelationsUITests;
			productName = recursionRelationsUITests;
			productReference = AB465A08298AE89300FE3751 /* recursionRelationsUITests.xctest */;
			productType = "com.apple.product-type.bundle.ui-testing";
		};
/* End PBXNativeTarget section */

/* Begin PBXProject section */
		AB4659E5298AE89200FE3751 /* Project object */ = {
			isa = PBXProject;
			attributes = {
				BuildIndependentTargetsInParallel = 1;
				LastSwiftUpdateCheck = 1420;
				LastUpgradeCheck = 1420;
				TargetAttributes = {
					AB4659EC298AE89200FE3751 = {
						CreatedOnToolsVersion = 14.2;
					};
					AB4659FD298AE89300FE3751 = {
						CreatedOnToolsVersion = 14.2;
						TestTargetID = AB4659EC298AE89200FE3751;
					};
					AB465A07298AE89300FE3751 = {
						CreatedOnToolsVersion = 14.2;
						TestTargetID = AB4659EC298AE89200FE3751;
					};
				};
			};
			buildConfigurationList = AB4659E8298AE89200FE3751 /* Build configuration list for PBXProject "recursionRelations" */;
			compatibilityVersion = "Xcode 14.0";
			developmentRegion = en;
			hasScannedForEncodings = 0;
			knownRegions = (
				en,
				Base,
			);
			mainGroup = AB4659E4298AE89200FE3751;
			productRefGroup = AB4659EE298AE89200FE3751 /* Products */;
			projectDirPath = "";
			projectRoot = "";
			targets = (
				AB4659EC298AE89200FE3751 /* recursionRelations */,
				AB4659FD298AE89300FE3751 /* recursionRelationsTests */,
				AB465A07298AE89300FE3751 /* recursionRelationsUITests */,
			);
		};
/* End PBXProject section */

/* Begin PBXResourcesBuildPhase section */
		AB4659EB298AE89200FE3751 /* Resources */ = {
			isa = PBXResourcesBuildPhase;
			buildActionMask = 2147483647;
			files = (
				AB4659F9298AE89300FE3751 /* Preview Assets.xcassets in Resources */,
				AB4659F5298AE89300FE3751 /* Assets.xcassets in Resources */,
			);
			runOnlyForDeploymentPostprocessing = 0;
		};
		AB4659FC298AE89300FE3751 /* Resources */ = {
			isa = PBXResourcesBuildPhase;
			buildActionMask = 2147483647;
			files = (
			);
			runOnlyForDeploymentPostprocessing = 0;
		};
		AB465A06298AE89300FE3751 /* Resources */ = {
			isa = PBXResourcesBuildPhase;
			buildActionMask = 2147483647;
			files = (
			);
			runOnlyForDeploymentPostprocessing = 0;
		};
/* End PBXResourcesBuildPhase section */

/* Begin PBXSourcesBuildPhase section */
		AB4659E9298AE89200FE3751 /* Sources */ = {
			isa = PBXSourcesBuildPhase;
			buildActionMask = 2147483647;
			files = (
				AB4659F3298AE89200FE3751 /* ContentView.swift in Sources */,
				AB4659F1298AE89200FE3751 /* recursionRelationsApp.swift in Sources */,
			);
			runOnlyForDeploymentPostprocessing = 0;
		};
		AB4659FA298AE89300FE3751 /* Sources */ = {
			isa = PBXSourcesBuildPhase;
			buildActionMask = 2147483647;
			files = (
				AB465A03298AE89300FE3751 /* recursionRelationsTests.swift in Sources */,
			);
			runOnlyForDeploymentPostprocessing = 0;
		};
		AB465A04298AE89300FE3751 /* Sources */ = {
			isa = PBXSourcesBuildPhase;
			buildActionMask = 2147483647;
			files = (
				AB465A0D298AE89300FE3751 /* recursionRelationsUITests.swift in Sources */,
				AB465A0F298AE89300FE3751 /* recursionRelationsUITestsLaunchTests.swift in Sources */,
			);
			runOnlyForDeploymentPostprocessing = 0;
		};
/* End PBXSourcesBuildPhase section */

/* Begin PBXTargetDependency section */
		AB465A00298AE89300FE3751 /* PBXTargetDependency */ = {
			isa = PBXTargetDependency;
			target = AB4659EC298AE89200FE3751 /* recursionRelations */;
			targetProxy = AB4659FF298AE89300FE3751 /* PBXContainerItemProxy */;
		};
		AB465A0A298AE89300FE3751 /* PBXTargetDependency */ = {
			isa = PBXTargetDependency;
			target = AB4659EC298AE89200FE3751 /* recursionRelations */;
			targetProxy = AB465A09298AE89300FE3751 /* PBXContainerItemProxy */;
		};
/* End PBXTargetDependency section */

/* Begin XCBuildConfiguration section */
		AB465A10298AE89300FE3751 /* Debug */ = {
			isa = XCBuildConfiguration;
			buildSettings = {
				ALWAYS_SEARCH_USER_PATHS = NO;
				CLANG_ANALYZER_NONNULL = YES;
				CLANG_ANALYZER_NUMBER_OBJECT_CONVERSION = YES_AGGRESSIVE;
				CLANG_CXX_LANGUAGE_STANDARD = "gnu++20";
				CLANG_ENABLE_MODULES = YES;
				CLANG_ENABLE_OBJC_ARC = YES;
				CLANG_ENABLE_OBJC_WEAK = YES;
				CLANG_WARN_BLOCK_CAPTURE_AUTORELEASING = YES;
				CLANG_WARN_BOOL_CONVERSION = YES;
				CLANG_WARN_COMMA = YES;
				CLANG_WARN_CONSTANT_CONVERSION = YES;
				CLANG_WARN_DEPRECATED_OBJC_IMPLEMENTATIONS = YES;
				CLANG_WARN_DIRECT_OBJC_ISA_USAGE = YES_ERROR;
				CLANG_WARN_DOCUMENTATION_COMMENTS = YES;
				CLANG_WARN_EMPTY_BODY = YES;
				CLANG_WARN_ENUM_CONVERSION = YES;
				CLANG_WARN_INFINITE_RECURSION = YES;
				CLANG_WARN_INT_CONVERSION = YES;
				CLANG_WARN_NON_LITERAL_NULL_CONVERSION = YES;
				CLANG_WARN_OBJC_IMPLICIT_RETAIN_SELF = YES;
				CLANG_WARN_OBJC_LITERAL_CONVERSION = YES;
				CLANG_WARN_OBJC_ROOT_CLASS = YES_ERROR;
				CLANG_WARN_QUOTED_INCLUDE_IN_FRAMEWORK_HEADER = YES;
				CLANG_WARN_RANGE_LOOP_ANALYSIS = YES;
				CLANG_WARN_STRICT_PROTOTYPES = YES;
				CLANG_WARN_SUSPICIOUS_MOVE = YES;
				CLANG_WARN_UNGUARDED_AVAILABILITY = YES_AGGRESSIVE;
				CLANG_WARN_UNREACHABLE_CODE = YES;
				CLANG_WARN__DUPLICATE_METHOD_MATCH = YES;
				COPY_PHASE_STRIP = NO;
				DEBUG_INFORMATION_FORMAT = dwarf;
				ENABLE_STRICT_OBJC_MSGSEND = YES;
				ENABLE_TESTABILITY = YES;
				GCC_C_LANGUAGE_STANDARD = gnu11;
				GCC_DYNAMIC_NO_PIC = NO;
				GCC_NO_COMMON_BLOCKS = YES;
				GCC_OPTIMIZATION_LEVEL = 0;
				GCC_PREPROCESSOR_DEFINITIONS = (
					"DEBUG=1",
					"$(inherited)",
				);
				GCC_WARN_64_TO_32_BIT_CONVERSION = YES;
				GCC_WARN_ABOUT_RETURN_TYPE = YES_ERROR;
				GCC_WARN_UNDECLARED_SELECTOR = YES;
				GCC_WARN_UNINITIALIZED_AUTOS = YES_AGGRESSIVE;
				GCC_WARN_UNUSED_FUNCTION = YES;
				GCC_WARN_UNUSED_VARIABLE = YES;
				MTL_ENABLE_DEBUG_INFO = INCLUDE_SOURCE;
				MTL_FAST_MATH = YES;
				ONLY_ACTIVE_ARCH = YES;
				SWIFT_ACTIVE_COMPILATION_CONDITIONS = DEBUG;
				SWIFT_OPTIMIZATION_LEVEL = "-Onone";
			};
			name = Debug;
		};
		AB465A11298AE89300FE3751 /* Release */ = {
			isa = XCBuildConfiguration;
			buildSettings = {
				ALWAYS_SEARCH_USER_PATHS = NO;
				CLANG_ANALYZER_NONNULL = YES;
				CLANG_ANALYZER_NUMBER_OBJECT_CONVERSION = YES_AGGRESSIVE;
				CLANG_CXX_LANGUAGE_STANDARD = "gnu++20";
				CLANG_ENABLE_MODULES = YES;
				CLANG_ENABLE_OBJC_ARC = YES;
				CLANG_ENABLE_OBJC_WEAK = YES;
				CLANG_WARN_BLOCK_CAPTURE_AUTORELEASING = YES;
				CLANG_WARN_BOOL_CONVERSION = YES;
				CLANG_WARN_COMMA = YES;
				CLANG_WARN_CONSTANT_CONVERSION = YES;
				CLANG_WARN_DEPRECATED_OBJC_IMPLEMENTATIONS = YES;
				CLANG_WARN_DIRECT_OBJC_ISA_USAGE = YES_ERROR;
				CLANG_WARN_DOCUMENTATION_COMMENTS = YES;
				CLANG_WARN_EMPTY_BODY = YES;
				CLANG_WARN_ENUM_CONVERSION = YES;
				CLANG_WARN_INFINITE_RECURSION = YES;
				CLANG_WARN_INT_CONVERSION = YES;
				CLANG_WARN_NON_LITERAL_NULL_CONVERSION = YES;
				CLANG_WARN_OBJC_IMPLICIT_RETAIN_SELF = YES;
				CLANG_WARN_OBJC_LITERAL_CONVERSION = YES;
				CLANG_WARN_OBJC_ROOT_CLASS = YES_ERROR;
				CLANG_WARN_QUOTED_INCLUDE_IN_FRAMEWORK_HEADER = YES;
				CLANG_WARN_RANGE_LOOP_ANALYSIS = YES;
				CLANG_WARN_STRICT_PROTOTYPES = YES;
				CLANG_WARN_SUSPICIOUS_MOVE = YES;
				CLANG_WARN_UNGUARDED_AVAILABILITY = YES_AGGRESSIVE;
				CLANG_WARN_UNREACHABLE_CODE = YES;
				CLANG_WARN__DUPLICATE_METHOD_MATCH = YES;
				COPY_PHASE_STRIP = NO;
				DEBUG_INFORMATION_FORMAT = "dwarf-with-dsym";
				ENABLE_NS_ASSERTIONS = NO;
				ENABLE_STRICT_OBJC_MSGSEND = YES;
				GCC_C_LANGUAGE_STANDARD = gnu11;
				GCC_NO_COMMON_BLOCKS = YES;
				GCC_WARN_64_TO_32_BIT_CONVERSION = YES;
				GCC_WARN_ABOUT_RETURN_TYPE = YES_ERROR;
				GCC_WARN_UNDECLARED_SELECTOR = YES;
				GCC_WARN_UNINITIALIZED_AUTOS = YES_AGGRESSIVE;
				GCC_WARN_UNUSED_FUNCTION = YES;
				GCC_WARN_UNUSED_VARIABLE = YES;
				MTL_ENABLE_DEBUG_INFO = NO;
				MTL_FAST_MATH = YES;
				SWIFT_COMPILATION_MODE = wholemodule;
				SWIFT_OPTIMIZATION_LEVEL = "-O";
			};
			name = Release;
		};
		AB465A13298AE89300FE3751 /* Debug */ = {
			isa = XCBuildConfiguration;
			buildSettings = {
				ASSETCATALOG_COMPILER_APPICON_NAME = AppIcon;
				ASSETCATALOG_COMPILER_GLOBAL_ACCENT_COLOR_NAME = AccentColor;
				CODE_SIGN_ENTITLEMENTS = recursionRelations/recursionRelations.entitlements;
				CODE_SIGN_STYLE = Automatic;
				CURRENT_PROJECT_VERSION = 1;
				DEVELOPMENT_ASSET_PATHS = "\"recursionRelations/Preview Content\"";
				ENABLE_PREVIEWS = YES;
				GENERATE_INFOPLIST_FILE = YES;
				"INFOPLIST_KEY_UIApplicationSceneManifest_Generation[sdk=iphoneos*]" = YES;
				"INFOPLIST_KEY_UIApplicationSceneManifest_Generation[sdk=iphonesimulator*]" = YES;
				"INFOPLIST_KEY_UIApplicationSupportsIndirectInputEvents[sdk=iphoneos*]" = YES;
				"INFOPLIST_KEY_UIApplicationSupportsIndirectInputEvents[sdk=iphonesimulator*]" = YES;
				"INFOPLIST_KEY_UILaunchScreen_Generation[sdk=iphoneos*]" = YES;
				"INFOPLIST_KEY_UILaunchScreen_Generation[sdk=iphonesimulator*]" = YES;
				"INFOPLIST_KEY_UIStatusBarStyle[sdk=iphoneos*]" = UIStatusBarStyleDefault;
				"INFOPLIST_KEY_UIStatusBarStyle[sdk=iphonesimulator*]" = UIStatusBarStyleDefault;
				INFOPLIST_KEY_UISupportedInterfaceOrientations_iPad = "UIInterfaceOrientationPortrait UIInterfaceOrientationPortraitUpsideDown UIInterfaceOrientationLandscapeLeft UIInterfaceOrientationLandscapeRight";
				INFOPLIST_KEY_UISupportedInterfaceOrientations_iPhone = "UIInterfaceOrientationPortrait UIInterfaceOrientationLandscapeLeft UIInterfaceOrientationLandscapeRight";
				IPHONEOS_DEPLOYMENT_TARGET = 16.2;
				LD_RUNPATH_SEARCH_PATHS = "@executable_path/Frameworks";
				"LD_RUNPATH_SEARCH_PATHS[sdk=macosx*]" = "@executable_path/../Frameworks";
				MACOSX_DEPLOYMENT_TARGET = 13.1;
				MARKETING_VERSION = 1.0;
				PRODUCT_BUNDLE_IDENTIFIER = com.MV.recursionRelations;
				PRODUCT_NAME = "$(TARGET_NAME)";
				SDKROOT = auto;
				SUPPORTED_PLATFORMS = "iphoneos iphonesimulator macosx";
				SWIFT_EMIT_LOC_STRINGS = YES;
				SWIFT_VERSION = 5.0;
				TARGETED_DEVICE_FAMILY = "1,2";
			};
			name = Debug;
		};
		AB465A14298AE89300FE3751 /* Release */ = {
			isa = XCBuildConfiguration;
			buildSettings = {
				ASSETCATALOG_COMPILER_APPICON_NAME = AppIcon;
				ASSETCATALOG_COMPILER_GLOBAL_ACCENT_COLOR_NAME = AccentColor;
				CODE_SIGN_ENTITLEMENTS = recursionRelations/recursionRelations.entitlements;
				CODE_SIGN_STYLE = Automatic;
				CURRENT_PROJECT_VERSION = 1;
				DEVELOPMENT_ASSET_PATHS = "\"recursionRelations/Preview Content\"";
				ENABLE_PREVIEWS = YES;
				GENERATE_INFOPLIST_FILE = YES;
				"INFOPLIST_KEY_UIApplicationSceneManifest_Generation[sdk=iphoneos*]" = YES;
				"INFOPLIST_KEY_UIApplicationSceneManifest_Generation[sdk=iphonesimulator*]" = YES;
				"INFOPLIST_KEY_UIApplicationSupportsIndirectInputEvents[sdk=iphoneos*]" = YES;
				"INFOPLIST_KEY_UIApplicationSupportsIndirectInputEvents[sdk=iphonesimulator*]" = YES;
				"INFOPLIST_KEY_UILaunchScreen_Generation[sdk=iphoneos*]" = YES;
				"INFOPLIST_KEY_UILaunchScreen_Generation[sdk=iphonesimulator*]" = YES;
				"INFOPLIST_KEY_UIStatusBarStyle[sdk=iphoneos*]" = UIStatusBarStyleDefault;
				"INFOPLIST_KEY_UIStatusBarStyle[sdk=iphonesimulator*]" = UIStatusBarStyleDefault;
				INFOPLIST_KEY_UISupportedInterfaceOrientations_iPad = "UIInterfaceOrientationPortrait UIInterfaceOrientationPortraitUpsideDown UIInterfaceOrientationLandscapeLeft UIInterfaceOrientationLandscapeRight";
				INFOPLIST_KEY_UISupportedInterfaceOrientations_iPhone = "UIInterfaceOrientationPortrait UIInterfaceOrientationLandscapeLeft UIInterfaceOrientationLandscapeRight";
				IPHONEOS_DEPLOYMENT_TARGET = 16.2;
				LD_RUNPATH_SEARCH_PATHS = "@executable_path/Frameworks";
				"LD_RUNPATH_SEARCH_PATHS[sdk=macosx*]" = "@executable_path/../Frameworks";
				MACOSX_DEPLOYMENT_TARGET = 13.1;
				MARKETING_VERSION = 1.0;
				PRODUCT_BUNDLE_IDENTIFIER = com.MV.recursionRelations;
				PRODUCT_NAME = "$(TARGET_NAME)";
				SDKROOT = auto;
				SUPPORTED_PLATFORMS = "iphoneos iphonesimulator macosx";
				SWIFT_EMIT_LOC_STRINGS = YES;
				SWIFT_VERSION = 5.0;
				TARGETED_DEVICE_FAMILY = "1,2";
			};
			name = Release;
		};
		AB465A16298AE89300FE3751 /* Debug */ = {
			isa = XCBuildConfiguration;
			buildSettings = {
				ALWAYS_EMBED_SWIFT_STANDARD_LIBRARIES = YES;
				BUNDLE_LOADER = "$(TEST_HOST)";
				CODE_SIGN_STYLE = Automatic;
				CURRENT_PROJECT_VERSION = 1;
				GENERATE_INFOPLIST_FILE = YES;
				IPHONEOS_DEPLOYMENT_TARGET = 16.2;
				MACOSX_DEPLOYMENT_TARGET = 13.1;
				MARKETING_VERSION = 1.0;
				PRODUCT_BUNDLE_IDENTIFIER = com.MV.recursionRelationsTests;
				PRODUCT_NAME = "$(TARGET_NAME)";
				SDKROOT = auto;
				SUPPORTED_PLATFORMS = "iphoneos iphonesimulator macosx";
				SWIFT_EMIT_LOC_STRINGS = NO;
				SWIFT_VERSION = 5.0;
				TARGETED_DEVICE_FAMILY = "1,2";
				TEST_HOST = "$(BUILT_PRODUCTS_DIR)/recursionRelations.app/$(BUNDLE_EXECUTABLE_FOLDER_PATH)/recursionRelations";
			};
			name = Debug;
		};
		AB465A17298AE89300FE3751 /* Release */ = {
			isa = XCBuildConfiguration;
			buildSettings = {
				ALWAYS_EMBED_SWIFT_STANDARD_LIBRARIES = YES;
				BUNDLE_LOADER = "$(TEST_HOST)";
				CODE_SIGN_STYLE = Automatic;
				CURRENT_PROJECT_VERSION = 1;
				GENERATE_INFOPLIST_FILE = YES;
				IPHONEOS_DEPLOYMENT_TARGET = 16.2;
				MACOSX_DEPLOYMENT_TARGET = 13.1;
				MARKETING_VERSION = 1.0;
				PRODUCT_BUNDLE_IDENTIFIER = com.MV.recursionRelationsTests;
				PRODUCT_NAME = "$(TARGET_NAME)";
				SDKROOT = auto;
				SUPPORTED_PLATFORMS = "iphoneos iphonesimulator macosx";
				SWIFT_EMIT_LOC_STRINGS = NO;
				SWIFT_VERSION = 5.0;
				TARGETED_DEVICE_FAMILY = "1,2";
				TEST_HOST = "$(BUILT_PRODUCTS_DIR)/recursionRelations.app/$(BUNDLE_EXECUTABLE_FOLDER_PATH)/recursionRelations";
			};
			name = Release;
		};
		AB465A19298AE89300FE3751 /* Debug */ = {
			isa = XCBuildConfiguration;
			buildSettings = {
				ALWAYS_EMBED_SWIFT_STANDARD_LIBRARIES = YES;
				CODE_SIGN_STYLE = Automatic;
				CURRENT_PROJECT_VERSION = 1;
				GENERATE_INFOPLIST_FILE = YES;
				IPHONEOS_DEPLOYMENT_TARGET = 16.2;
				MACOSX_DEPLOYMENT_TARGET = 13.1;
				MARKETING_VERSION = 1.0;
				PRODUCT_BUNDLE_IDENTIFIER = com.MV.recursionRelationsUITests;
				PRODUCT_NAME = "$(TARGET_NAME)";
				SDKROOT = auto;
				SUPPORTED_PLATFORMS = "iphoneos iphonesimulator macosx";
				SWIFT_EMIT_LOC_STRINGS = NO;
				SWIFT_VERSION = 5.0;
				TARGETED_DEVICE_FAMILY = "1,2";
				TEST_TARGET_NAME = recursionRelations;
			};
			name = Debug;
		};
		AB465A1A298AE89300FE3751 /* Release */ = {
			isa = XCBuildConfiguration;
			buildSettings = {
				ALWAYS_EMBED_SWIFT_STANDARD_LIBRARIES = YES;
				CODE_SIGN_STYLE = Automatic;
				CURRENT_PROJECT_VERSION = 1;
				GENERATE_INFOPLIST_FILE = YES;
				IPHONEOS_DEPLOYMENT_TARGET = 16.2;
				MACOSX_DEPLOYMENT_TARGET = 13.1;
				MARKETING_VERSION = 1.0;
				PRODUCT_BUNDLE_IDENTIFIER = com.MV.recursionRelationsUITests;
				PRODUCT_NAME = "$(TARGET_NAME)";
				SDKROOT = auto;
				SUPPORTED_PLATFORMS = "iphoneos iphonesimulator macosx";
				SWIFT_EMIT_LOC_STRINGS = NO;
				SWIFT_VERSION = 5.0;
				TARGETED_DEVICE_FAMILY = "1,2";
				TEST_TARGET_NAME = recursionRelations;
			};
			name = Release;
		};
/* End XCBuildConfiguration section */

/* Begin XCConfigurationList section */
		AB4659E8298AE89200FE3751 /* Build configuration list for PBXProject "recursionRelations" */ = {
			isa = XCConfigurationList;
			buildConfigurations = (
				AB465A10298AE89300FE3751 /* Debug */,
				AB465A11298AE89300FE3751 /* Release */,
			);
			defaultConfigurationIsVisible = 0;
			defaultConfigurationName = Release;
		};
		AB465A12298AE89300FE3751 /* Build configuration list for PBXNativeTarget "recursionRelations" */ = {
			isa = XCConfigurationList;
			buildConfigurations = (
				AB465A13298AE89300FE3751 /* Debug */,
				AB465A14298AE89300FE3751 /* Release */,
			);
			defaultConfigurationIsVisible = 0;
			defaultConfigurationName = Release;
		};
		AB465A15298AE89300FE3751 /* Build configuration list for PBXNativeTarget "recursionRelationsTests" */ = {
			isa = XCConfigurationList;
			buildConfigurations = (
				AB465A16298AE89300FE3751 /* Debug */,
				AB465A17298AE89300FE3751 /* Release */,
			);
			defaultConfigurationIsVisible = 0;
			defaultConfigurationName = Release;
		};
		AB465A18298AE89300FE3751 /* Build configuration list for PBXNativeTarget "recursionRelationsUITests" */ = {
			isa = XCConfigurationList;
			buildConfigurations = (
				AB465A19298AE89300FE3751 /* Debug */,
				AB465A1A298AE89300FE3751 /* Release */,
			);
			defaultConfigurationIsVisible = 0;
			defaultConfigurationName = Release;
		};
/* End XCConfigurationList section */
	};
	rootObject = AB4659E5298AE89200FE3751 /* Project object */;
}
